
Microsoft Visual Studio Solution File, Format Version 12.00
# Visual Studio Version 17
VisualStudioVersion = 17.0.32014.148
MinimumVisualStudioVersion = 10.0.40219.1
Project("{FAE04EC0-301F-11D3-BF4B-00C04F79EFBC}") = "RegexDemodotnet7", "RegexDemodotnet7.csproj", "{AB3172B7-85EB-4E0E-8A05-DB85E4D37E1D}"
EndProject
Global
	GlobalSection(SolutionConfigurationPlatforms) = preSolution
		Debug|Any CPU = Debug|Any CPU
		Release|Any CPU = Release|Any CPU
	EndGlobalSection
	GlobalSection(ProjectConfigurationPlatforms) = postSolution
		{AB3172B7-85EB-4E0E-8A05-DB85E4D37E1D}.Debug|Any CPU.ActiveCfg = Debug|Any CPU
		{AB3172B7-85EB-4E0E-8A05-DB85E4D37E1D}.Debug|Any CPU.Build.0 = Debug|Any CPU
		{AB3172B7-85EB-4E0E-8A05-DB85E4D37E1D}.Release|Any CPU.ActiveCfg = Release|Any CPU
		{AB3172B7-85EB-4E0E-8A05-DB85E4D37E1D}.Release|Any CPU.Build.0 = Release|Any CPU
	EndGlobalSection
	GlobalSection(SolutionProperties) = preSolution
		HideSolutionNode = FALSE
	EndGlobalSection
	GlobalSection(ExtensibilityGlobals) = postSolution
		SolutionGuid = {A9E9D768-3546-4901-82EF-2375AEC87DF7}
	EndGlobalSection
EndGlobal
